
Microsoft Visual Studio Solution File, Format Version 12.00
# Visual Studio Version 17
VisualStudioVersion = 17.3.32929.385
MinimumVisualStudioVersion = 10.0.40219.1
Project("{FAE04EC0-301F-11D3-BF4B-00C04F79EFBC}") = "WaffleBmp", "WaffleBmp.csproj", "{8CAB6E97-BB61-471E-97E6-172FE6F22016}"
EndProject
Global
	GlobalSection(SolutionConfigurationPlatforms) = preSolution
		Debug|Any CPU = Debug|Any CPU
		Release|Any CPU = Release|Any CPU
	EndGlobalSection
	GlobalSection(ProjectConfigurationPlatforms) = postSolution
		{8CAB6E97-BB61-471E-97E6-172FE6F22016}.Debug|Any CPU.ActiveCfg = Debug|Any CPU
		{8CAB6E97-BB61-471E-97E6-172FE6F22016}.Debug|Any CPU.Build.0 = Debug|Any CPU
		{8CAB6E97-BB61-471E-97E6-172FE6F22016}.Release|Any CPU.ActiveCfg = Release|Any CPU
		{8CAB6E97-BB61-471E-97E6-172FE6F22016}.Release|Any CPU.Build.0 = Release|Any CPU
	EndGlobalSection
	GlobalSection(SolutionProperties) = preSolution
		HideSolutionNode = FALSE
	EndGlobalSection
	GlobalSection(ExtensibilityGlobals) = postSolution
		SolutionGuid = {C1156E4D-E9D8-49E3-8C26-999B53214C3B}
	EndGlobalSection
EndGlobal
